# THIS IS AN AUTOGENERATED FILE. DO NOT EDIT THIS FILE DIRECTLY.
# yarn lockfile v1


ts-transformer-keys@^0.4.3:
  version "0.4.3"
  resolved "https://registry.yarnpkg.com/ts-transformer-keys/-/ts-transformer-keys-0.4.3.tgz#d62389a40f430c00ef98fb9575fb6778a196e3ed"
  integrity sha512-pOTLlet1SnAvhKNr9tMAFwuv5283OkUNiq1fXTEK+vrSv+kxU3e2Ijr/UkqyX2vuMmvcNHdpXC31hob7ljH//g==
